
Microsoft Visual Studio Solution File, Format Version 12.00
# Visual Studio Version 16
VisualStudioVersion = 16.0.31624.102
MinimumVisualStudioVersion = 10.0.40219.1
Project("{FAE04EC0-301F-11D3-BF4B-00C04F79EFBC}") = "App_Turnos", "App_Turnos.csproj", "{0A664E90-E5DF-40DC-8806-135D167A866F}"
EndProject
Global
	GlobalSection(SolutionConfigurationPlatforms) = preSolution
		Debug|Any CPU = Debug|Any CPU
		Release|Any CPU = Release|Any CPU
	EndGlobalSection
	GlobalSection(ProjectConfigurationPlatforms) = postSolution
		{0A664E90-E5DF-40DC-8806-135D167A866F}.Debug|Any CPU.ActiveCfg = Debug|Any CPU
		{0A664E90-E5DF-40DC-8806-135D167A866F}.Debug|Any CPU.Build.0 = Debug|Any CPU
		{0A664E90-E5DF-40DC-8806-135D167A866F}.Release|Any CPU.ActiveCfg = Release|Any CPU
		{0A664E90-E5DF-40DC-8806-135D167A866F}.Release|Any CPU.Build.0 = Release|Any CPU
	EndGlobalSection
	GlobalSection(SolutionProperties) = preSolution
		HideSolutionNode = FALSE
	EndGlobalSection
	GlobalSection(ExtensibilityGlobals) = postSolution
		SolutionGuid = {DD532D5C-A189-4B18-A633-B747B7D2F817}
	EndGlobalSection
EndGlobal
